{
  "name": "example-language-babel",
  "version": "1.0.0",
  "lockfileVersion": 1,
  "requires": true,
  "dependencies": {
    "babel-helper-evaluate-path": {
      "version": "0.5.0",
      "resolved": "https://registry.npmjs.org/babel-helper-evaluate-path/-/babel-helper-evaluate-path-0.5.0.tgz",
      "integrity": "sha512-mUh0UhS607bGh5wUMAQfOpt2JX2ThXMtppHRdRU1kL7ZLRWIXxoV2UIV1r2cAeeNeU1M5SB5/RSUgUxrK8yOkA==",
      "dev": true
    },
    "babel-helper-flip-expressions": {
      "version": "0.4.3",
      "resolved": "https://registry.npmjs.org/babel-helper-flip-expressions/-/babel-helper-flip-expressions-0.4.3.tgz",
      "integrity": "sha1-NpZzahKKwYvCUlS19AoizrPB0/0=",
      "dev": true
    },
    "babel-helper-is-nodes-equiv": {
      "version": "0.0.1",
      "resolved": "https://registry.npmjs.org/babel-helper-is-nodes-equiv/-/babel-helper-is-nodes-equiv-0.0.1.tgz",
      "integrity": "sha1-NOmzALFHnd2Y7HfqC76TQt/jloQ=",
      "dev": true
    },
    "babel-helper-is-void-0": {
      "version": "0.4.3",
      "resolved": "https://registry.npmjs.org/babel-helper-is-void-0/-/babel-helper-is-void-0-0.4.3.tgz",
      "integrity": "sha1-fZwBtFYee5Xb2g9u7kj1tg5nMT4=",
      "dev": true
    },
    "babel-helper-mark-eval-scopes": {
      "version": "0.4.3",
      "resolved": "https://registry.npmjs.org/babel-helper-mark-eval-scopes/-/babel-helper-mark-eval-scopes-0.4.3.tgz",
      "integrity": "sha1-0kSjvvmESHJgP/tG4izorN9VFWI=",
      "dev": true
    },
    "babel-helper-remove-or-void": {
      "version": "0.4.3",
      "resolved": "https://registry.npmjs.org/babel-helper-remove-or-void/-/babel-helper-remove-or-void-0.4.3.tgz",
      "integrity": "sha1-pPA7QAd6D/6I5F0HAQ3uJB/1rmA=",
      "dev": true
    },
    "babel-helper-to-multiple-sequence-expressions": {
      "version": "0.5.0",
      "resolved": "https://registry.npmjs.org/babel-helper-to-multiple-sequence-expressions/-/babel-helper-to-multiple-sequence-expressions-0.5.0.tgz",
      "integrity": "sha512-m2CvfDW4+1qfDdsrtf4dwOslQC3yhbgyBFptncp4wvtdrDHqueW7slsYv4gArie056phvQFhT2nRcGS4bnm6mA==",
      "dev": true
    },
    "babel-plugin-minify-builtins": {
      "version": "0.5.0",
      "resolved": "https://registry.npmjs.org/babel-plugin-minify-builtins/-/babel-plugin-minify-builtins-0.5.0.tgz",
      "integrity": "sha512-wpqbN7Ov5hsNwGdzuzvFcjgRlzbIeVv1gMIlICbPj0xkexnfoIDe7q+AZHMkQmAE/F9R5jkrB6TLfTegImlXag==",
      "dev": true
    },
    "babel-plugin-minify-constant-folding": {
      "version": "0.5.0",
      "resolved": "https://registry.npmjs.org/babel-plugin-minify-constant-folding/-/babel-plugin-minify-constant-folding-0.5.0.tgz",
      "integrity": "sha512-Vj97CTn/lE9hR1D+jKUeHfNy+m1baNiJ1wJvoGyOBUx7F7kJqDZxr9nCHjO/Ad+irbR3HzR6jABpSSA29QsrXQ==",
      "dev": true,
      "requires": {
        "babel-helper-evaluate-path": "^0.5.0"
      }
    },
    "babel-plugin-minify-dead-code-elimination": {
      "version": "0.5.1",
      "resolved": "https://registry.npmjs.org/babel-plugin-minify-dead-code-elimination/-/babel-plugin-minify-dead-code-elimination-0.5.1.tgz",
      "integrity": "sha512-x8OJOZIrRmQBcSqxBcLbMIK8uPmTvNWPXH2bh5MDCW1latEqYiRMuUkPImKcfpo59pTUB2FT7HfcgtG8ZlR5Qg==",
      "dev": true,
      "requires": {
        "babel-helper-evaluate-path": "^0.5.0",
        "babel-helper-mark-eval-scopes": "^0.4.3",
        "babel-helper-remove-or-void": "^0.4.3",
        "lodash": "^4.17.11"
      }
    },
    "babel-plugin-minify-flip-comparisons": {
      "version": "0.4.3",
      "resolved": "https://registry.npmjs.org/babel-plugin-minify-flip-comparisons/-/babel-plugin-minify-flip-comparisons-0.4.3.tgz",
      "integrity": "sha1-AMqHDLjxO0XAOLPB68DyJyk8llo=",
      "dev": true,
      "requires": {
        "babel-helper-is-void-0": "^0.4.3"
      }
    },
    "babel-plugin-minify-guarded-expressions": {
      "version": "0.4.4",
      "resolved": "https://registry.npmjs.org/babel-plugin-minify-guarded-expressions/-/babel-plugin-minify-guarded-expressions-0.4.4.tgz",
      "integrity": "sha512-RMv0tM72YuPPfLT9QLr3ix9nwUIq+sHT6z8Iu3sLbqldzC1Dls8DPCywzUIzkTx9Zh1hWX4q/m9BPoPed9GOfA==",
      "dev": true,
      "requires": {
        "babel-helper-evaluate-path": "^0.5.0",
        "babel-helper-flip-expressions": "^0.4.3"
      }
    },
    "babel-plugin-minify-infinity": {
      "version": "0.4.3",
      "resolved": "https://registry.npmjs.org/babel-plugin-minify-infinity/-/babel-plugin-minify-infinity-0.4.3.tgz",
      "integrity": "sha1-37h2obCKBldjhO8/kuZTumB7Oco=",
      "dev": true
    },
    "babel-plugin-minify-mangle-names": {
      "version": "0.5.0",
      "resolved": "https://registry.npmjs.org/babel-plugin-minify-mangle-names/-/babel-plugin-minify-mangle-names-0.5.0.tgz",
      "integrity": "sha512-3jdNv6hCAw6fsX1p2wBGPfWuK69sfOjfd3zjUXkbq8McbohWy23tpXfy5RnToYWggvqzuMOwlId1PhyHOfgnGw==",
      "dev": true,
      "requires": {
        "babel-helper-mark-eval-scopes": "^0.4.3"
      }
    },
    "babel-plugin-minify-numeric-literals": {
      "version": "0.4.3",
      "resolved": "https://registry.npmjs.org/babel-plugin-minify-numeric-literals/-/babel-plugin-minify-numeric-literals-0.4.3.tgz",
      "integrity": "sha1-jk/VYcefeAEob/YOjF/Z3u6TwLw=",
      "dev": true
    },
    "babel-plugin-minify-replace": {
      "version": "0.5.0",
      "resolved": "https://registry.npmjs.org/babel-plugin-minify-replace/-/babel-plugin-minify-replace-0.5.0.tgz",
      "integrity": "sha512-aXZiaqWDNUbyNNNpWs/8NyST+oU7QTpK7J9zFEFSA0eOmtUNMU3fczlTTTlnCxHmq/jYNFEmkkSG3DDBtW3Y4Q==",
      "dev": true
    },
    "babel-plugin-minify-simplify": {
      "version": "0.5.1",
      "resolved": "https://registry.npmjs.org/babel-plugin-minify-simplify/-/babel-plugin-minify-simplify-0.5.1.tgz",
      "integrity": "sha512-OSYDSnoCxP2cYDMk9gxNAed6uJDiDz65zgL6h8d3tm8qXIagWGMLWhqysT6DY3Vs7Fgq7YUDcjOomhVUb+xX6A==",
      "dev": true,
      "requires": {
        "babel-helper-evaluate-path": "^0.5.0",
        "babel-helper-flip-expressions": "^0.4.3",
        "babel-helper-is-nodes-equiv": "^0.0.1",
        "babel-helper-to-multiple-sequence-expressions": "^0.5.0"
      }
    },
    "babel-plugin-minify-type-constructors": {
      "version": "0.4.3",
      "resolved": "https://registry.npmjs.org/babel-plugin-minify-type-constructors/-/babel-plugin-minify-type-constructors-0.4.3.tgz",
      "integrity": "sha1-G8bxW4f3qxCF1CszC3F2V6IVZQA=",
      "dev": true,
      "requires": {
        "babel-helper-is-void-0": "^0.4.3"
      }
    },
    "babel-plugin-transform-inline-consecutive-adds": {
      "version": "0.4.3",
      "resolved": "https://registry.npmjs.org/babel-plugin-transform-inline-consecutive-adds/-/babel-plugin-transform-inline-consecutive-adds-0.4.3.tgz",
      "integrity": "sha1-Mj1Ho+pjqDp6w8gRro5pQfrysNE=",
      "dev": true
    },
    "babel-plugin-transform-member-expression-literals": {
      "version": "6.9.4",
      "resolved": "https://registry.npmjs.org/babel-plugin-transform-member-expression-literals/-/babel-plugin-transform-member-expression-literals-6.9.4.tgz",
      "integrity": "sha1-NwOcmgwzE6OUlfqsL/OmtbnQOL8=",
      "dev": true
    },
    "babel-plugin-transform-merge-sibling-variables": {
      "version": "6.9.4",
      "resolved": "https://registry.npmjs.org/babel-plugin-transform-merge-sibling-variables/-/babel-plugin-transform-merge-sibling-variables-6.9.4.tgz",
      "integrity": "sha1-hbQi/DN3tEnJ0c3kQIcgNTJAHa4=",
      "dev": true
    },
    "babel-plugin-transform-minify-booleans": {
      "version": "6.9.4",
      "resolved": "https://registry.npmjs.org/babel-plugin-transform-minify-booleans/-/babel-plugin-transform-minify-booleans-6.9.4.tgz",
      "integrity": "sha1-rLs+VqNVXdI5KOS1gtKFFi3SsZg=",
      "dev": true
    },
    "babel-plugin-transform-property-literals": {
      "version": "6.9.4",
      "resolved": "https://registry.npmjs.org/babel-plugin-transform-property-literals/-/babel-plugin-transform-property-literals-6.9.4.tgz",
      "integrity": "sha1-mMHSHiVXNlc/k+zlRFn2ziSYXTk=",
      "dev": true,
      "requires": {
        "esutils": "^2.0.2"
      }
    },
    "babel-plugin-transform-regexp-constructors": {
      "version": "0.4.3",
      "resolved": "https://registry.npmjs.org/babel-plugin-transform-regexp-constructors/-/babel-plugin-transform-regexp-constructors-0.4.3.tgz",
      "integrity": "sha1-WLd3W2OvzzMyj66aX4j71PsLSWU=",
      "dev": true
    },
    "babel-plugin-transform-remove-console": {
      "version": "6.9.4",
      "resolved": "https://registry.npmjs.org/babel-plugin-transform-remove-console/-/babel-plugin-transform-remove-console-6.9.4.tgz",
      "integrity": "sha1-uYA2DAZzhOJLNXpYjYB9PINSd4A=",
      "dev": true
    },
    "babel-plugin-transform-remove-debugger": {
      "version": "6.9.4",
      "resolved": "https://registry.npmjs.org/babel-plugin-transform-remove-debugger/-/babel-plugin-transform-remove-debugger-6.9.4.tgz",
      "integrity": "sha1-QrcnYxyXl44estGZp67IShgznvI=",
      "dev": true
    },
    "babel-plugin-transform-remove-undefined": {
      "version": "0.5.0",
      "resolved": "https://registry.npmjs.org/babel-plugin-transform-remove-undefined/-/babel-plugin-transform-remove-undefined-0.5.0.tgz",
      "integrity": "sha512-+M7fJYFaEE/M9CXa0/IRkDbiV3wRELzA1kKQFCJ4ifhrzLKn/9VCCgj9OFmYWwBd8IB48YdgPkHYtbYq+4vtHQ==",
      "dev": true,
      "requires": {
        "babel-helper-evaluate-path": "^0.5.0"
      }
    },
    "babel-plugin-transform-simplify-comparison-operators": {
      "version": "6.9.4",
      "resolved": "https://registry.npmjs.org/babel-plugin-transform-simplify-comparison-operators/-/babel-plugin-transform-simplify-comparison-operators-6.9.4.tgz",
      "integrity": "sha1-9ir+CWyrDh9ootdT/fKDiIRxzrk=",
      "dev": true
    },
    "babel-plugin-transform-undefined-to-void": {
      "version": "6.9.4",
      "resolved": "https://registry.npmjs.org/babel-plugin-transform-undefined-to-void/-/babel-plugin-transform-undefined-to-void-6.9.4.tgz",
      "integrity": "sha1-viQcqBQEAwZ4t0hxcyK4nQyP4oA=",
      "dev": true
    },
    "babel-preset-minify": {
      "version": "0.5.1",
      "resolved": "https://registry.npmjs.org/babel-preset-minify/-/babel-preset-minify-0.5.1.tgz",
      "integrity": "sha512-1IajDumYOAPYImkHbrKeiN5AKKP9iOmRoO2IPbIuVp0j2iuCcj0n7P260z38siKMZZ+85d3mJZdtW8IgOv+Tzg==",
      "dev": true,
      "requires": {
        "babel-plugin-minify-builtins": "^0.5.0",
        "babel-plugin-minify-constant-folding": "^0.5.0",
        "babel-plugin-minify-dead-code-elimination": "^0.5.1",
        "babel-plugin-minify-flip-comparisons": "^0.4.3",
        "babel-plugin-minify-guarded-expressions": "^0.4.4",
        "babel-plugin-minify-infinity": "^0.4.3",
        "babel-plugin-minify-mangle-names": "^0.5.0",
        "babel-plugin-minify-numeric-literals": "^0.4.3",
        "babel-plugin-minify-replace": "^0.5.0",
        "babel-plugin-minify-simplify": "^0.5.1",
        "babel-plugin-minify-type-constructors": "^0.4.3",
        "babel-plugin-transform-inline-consecutive-adds": "^0.4.3",
        "babel-plugin-transform-member-expression-literals": "^6.9.4",
        "babel-plugin-transform-merge-sibling-variables": "^6.9.4",
        "babel-plugin-transform-minify-booleans": "^6.9.4",
        "babel-plugin-transform-property-literals": "^6.9.4",
        "babel-plugin-transform-regexp-constructors": "^0.4.3",
        "babel-plugin-transform-remove-console": "^6.9.4",
        "babel-plugin-transform-remove-debugger": "^6.9.4",
        "babel-plugin-transform-remove-undefined": "^0.5.0",
        "babel-plugin-transform-simplify-comparison-operators": "^6.9.4",
        "babel-plugin-transform-undefined-to-void": "^6.9.4",
        "lodash": "^4.17.11"
      }
    },
    "esutils": {
      "version": "2.0.3",
      "resolved": "https://registry.npmjs.org/esutils/-/esutils-2.0.3.tgz",
      "integrity": "sha512-kVscqXk4OCp68SZ0dkgEKVi6/8ij300KBWTJq32P/dYeWTSwK41WyTxalN1eRmA5Z9UU/LX9D7FWSmV9SAYx6g==",
      "dev": true
    },
    "lodash": {
      "version": "4.17.15",
      "resolved": "https://registry.npmjs.org/lodash/-/lodash-4.17.15.tgz",
      "integrity": "sha512-8xOcRHvCjnocdS5cpwXQXVzmmh5e5+saE2QGoeQmbKmRS6J3VQppPOIt0MnmE+4xlZoumy0GPG0D0MVIQbNA1A==",
      "dev": true
    }
  }
}
